{
  "name": "client",
  "version": "0.1.0",
  "lockfileVersion": 1,
  "requires": true,
  "dependencies": {
    "b-dropdown": {
      "version": "0.1.2",
      "resolved": "https://registry.npmjs.org/b-dropdown/-/b-dropdown-0.1.2.tgz",
      "integrity": "sha1-DAKHuTi20ibUn3dvQ9B45YFFXws=",
      "requires": {
        "bosonic": "~0.4.0"
      }
    },
    "bosonic": {
      "version": "0.4.0",
      "resolved": "https://registry.npmjs.org/bosonic/-/bosonic-0.4.0.tgz",
      "integrity": "sha1-32xkBVtxPOLq2d8+woBVFEAzDFw="
    },
    "v-select": {
      "version": "0.0.1",
      "resolved": "https://registry.npmjs.org/v-select/-/v-select-0.0.1.tgz",
      "integrity": "sha512-HdqwyPkaSg2ZZhgGVrALLeIxGtQKEg3rIartnaxU+z7l2fIoVptl6885Fx2rVyXhI0jz+osv9iZfvVe6XtBoJw=="
    },
    "vue-dropdowns": {
      "version": "1.0.6",
      "resolved": "https://registry.npmjs.org/vue-dropdowns/-/vue-dropdowns-1.0.6.tgz",
      "integrity": "sha512-es1jf3LWmeSBhdMFaQL46ulcVQXMZjmO1KPG71RFImb2WFCukhYT39rb55iV4ZRUNH88lhf5uk+O8gQ+0BxCpw=="
    },
    "vue-router": {
      "version": "3.0.2",
      "resolved": "https://registry.npmjs.org/vue-router/-/vue-router-3.0.2.tgz",
      "integrity": "sha512-opKtsxjp9eOcFWdp6xLQPLmRGgfM932Tl56U9chYTnoWqKxQ8M20N7AkdEbM5beUh6wICoFGYugAX9vQjyJLFg=="
    },
    "vue-select": {
      "version": "2.5.1",
      "resolved": "https://registry.npmjs.org/vue-select/-/vue-select-2.5.1.tgz",
      "integrity": "sha512-Hs+arh7+0gLJoYiM3r9V/5CRn5XsAT8tVkouTkpDAWb923KFgraWrKDLSqz3ROedZUkuVIwkFuYq8+baHUf+bg=="
    },
    "vuex": {
      "version": "3.0.1",
      "resolved": "https://registry.npmjs.org/vuex/-/vuex-3.0.1.tgz",
      "integrity": "sha512-wLoqz0B7DSZtgbWL1ShIBBCjv22GV5U+vcBFox658g6V0s4wZV9P4YjCNyoHSyIBpj1f29JBoNQIqD82cR4O3w=="
    }
  }
}
